
Microsoft Visual Studio Solution File, Format Version 12.00
# Visual Studio Version 16
VisualStudioVersion = 16.0.31005.135
MinimumVisualStudioVersion = 10.0.40219.1
Project("{8BC9CEB8-8B4A-11D0-8D11-00A0C91BC942}") = "MonacoFileTest", "MonacoFileTest\MonacoFileTest.vcxproj", "{7045E03D-E9DE-42A5-AC8A-869B15DC5BB1}"
EndProject
Project("{8BC9CEB8-8B4A-11D0-8D11-00A0C91BC942}") = "PNGExtraction", "PNGExtraction\PNGExtraction.vcxproj", "{69ED6F61-53FB-4A73-9880-F965F4D096E3}"
EndProject
Project("{8BC9CEB8-8B4A-11D0-8D11-00A0C91BC942}") = "WorldPNGExtractor", "WorldPNGExtractor\WorldPNGExtractor.vcxproj", "{9B32EF3B-3479-4809-BF1A-E96319E04E4E}"
EndProject
Project("{8BC9CEB8-8B4A-11D0-8D11-00A0C91BC942}") = "ContentFileExtractor", "ContentFileExtractor\ContentFileExtractor.vcxproj", "{7C13C5E0-53EE-4488-A196-B6D99261151C}"
EndProject
Global
	GlobalSection(SolutionConfigurationPlatforms) = preSolution
		Debug|x64 = Debug|x64
		Debug|x86 = Debug|x86
		Release|x64 = Release|x64
		Release|x86 = Release|x86
	EndGlobalSection
	GlobalSection(ProjectConfigurationPlatforms) = postSolution
		{7045E03D-E9DE-42A5-AC8A-869B15DC5BB1}.Debug|x64.ActiveCfg = Debug|x64
		{7045E03D-E9DE-42A5-AC8A-869B15DC5BB1}.Debug|x64.Build.0 = Debug|x64
		{7045E03D-E9DE-42A5-AC8A-869B15DC5BB1}.Debug|x86.ActiveCfg = Debug|Win32
		{7045E03D-E9DE-42A5-AC8A-869B15DC5BB1}.Debug|x86.Build.0 = Debug|Win32
		{7045E03D-E9DE-42A5-AC8A-869B15DC5BB1}.Release|x64.ActiveCfg = Release|x64
		{7045E03D-E9DE-42A5-AC8A-869B15DC5BB1}.Release|x64.Build.0 = Release|x64
		{7045E03D-E9DE-42A5-AC8A-869B15DC5BB1}.Release|x86.ActiveCfg = Release|Win32
		{7045E03D-E9DE-42A5-AC8A-869B15DC5BB1}.Release|x86.Build.0 = Release|Win32
		{69ED6F61-53FB-4A73-9880-F965F4D096E3}.Debug|x64.ActiveCfg = Debug|x64
		{69ED6F61-53FB-4A73-9880-F965F4D096E3}.Debug|x64.Build.0 = Debug|x64
		{69ED6F61-53FB-4A73-9880-F965F4D096E3}.Debug|x86.ActiveCfg = Debug|Win32
		{69ED6F61-53FB-4A73-9880-F965F4D096E3}.Debug|x86.Build.0 = Debug|Win32
		{69ED6F61-53FB-4A73-9880-F965F4D096E3}.Release|x64.ActiveCfg = Release|x64
		{69ED6F61-53FB-4A73-9880-F965F4D096E3}.Release|x64.Build.0 = Release|x64
		{69ED6F61-53FB-4A73-9880-F965F4D096E3}.Release|x86.ActiveCfg = Release|Win32
		{69ED6F61-53FB-4A73-9880-F965F4D096E3}.Release|x86.Build.0 = Release|Win32
		{9B32EF3B-3479-4809-BF1A-E96319E04E4E}.Debug|x64.ActiveCfg = Debug|x64
		{9B32EF3B-3479-4809-BF1A-E96319E04E4E}.Debug|x64.Build.0 = Debug|x64
		{9B32EF3B-3479-4809-BF1A-E96319E04E4E}.Debug|x86.ActiveCfg = Debug|Win32
		{9B32EF3B-3479-4809-BF1A-E96319E04E4E}.Debug|x86.Build.0 = Debug|Win32
		{9B32EF3B-3479-4809-BF1A-E96319E04E4E}.Release|x64.ActiveCfg = Release|x64
		{9B32EF3B-3479-4809-BF1A-E96319E04E4E}.Release|x64.Build.0 = Release|x64
		{9B32EF3B-3479-4809-BF1A-E96319E04E4E}.Release|x86.ActiveCfg = Release|Win32
		{9B32EF3B-3479-4809-BF1A-E96319E04E4E}.Release|x86.Build.0 = Release|Win32
		{7C13C5E0-53EE-4488-A196-B6D99261151C}.Debug|x64.ActiveCfg = Debug|x64
		{7C13C5E0-53EE-4488-A196-B6D99261151C}.Debug|x64.Build.0 = Debug|x64
		{7C13C5E0-53EE-4488-A196-B6D99261151C}.Debug|x86.ActiveCfg = Debug|Win32
		{7C13C5E0-53EE-4488-A196-B6D99261151C}.Debug|x86.Build.0 = Debug|Win32
		{7C13C5E0-53EE-4488-A196-B6D99261151C}.Release|x64.ActiveCfg = Release|x64
		{7C13C5E0-53EE-4488-A196-B6D99261151C}.Release|x64.Build.0 = Release|x64
		{7C13C5E0-53EE-4488-A196-B6D99261151C}.Release|x86.ActiveCfg = Release|Win32
		{7C13C5E0-53EE-4488-A196-B6D99261151C}.Release|x86.Build.0 = Release|Win32
	EndGlobalSection
	GlobalSection(SolutionProperties) = preSolution
		HideSolutionNode = FALSE
	EndGlobalSection
	GlobalSection(ExtensibilityGlobals) = postSolution
		SolutionGuid = {30FBC428-8AA7-4EF3-96B5-EDA66FA057E3}
	EndGlobalSection
EndGlobal
